{
  "name": "phase-1-code-challenge-2",
  "version": "1.0.0",
  "lockfileVersion": 3,
  "requires": true,
  "author": "Lawrence",
  "description": "Flatacuties code challenge",
  "license": "MIT",
  "main": "index.js",
  "packages": {},
  "scripts": {
    "test": "echo \"Error: no test specified\" && exit 1"
  }
}
